
Microsoft Visual Studio Solution File, Format Version 12.00
# Visual Studio Version 17
VisualStudioVersion = 17.4.33213.308
MinimumVisualStudioVersion = 10.0.40219.1
Project("{888888A0-9F3D-457C-B088-3A5042F75D52}") = "Input", "Input.pyproj", "{A0D877B6-6A3E-42EF-A61E-3FAAF7648337}"
EndProject
Global
	GlobalSection(SolutionConfigurationPlatforms) = preSolution
		Debug|Any CPU = Debug|Any CPU
		Release|Any CPU = Release|Any CPU
	EndGlobalSection
	GlobalSection(ProjectConfigurationPlatforms) = postSolution
		{A0D877B6-6A3E-42EF-A61E-3FAAF7648337}.Debug|Any CPU.ActiveCfg = Debug|Any CPU
		{A0D877B6-6A3E-42EF-A61E-3FAAF7648337}.Release|Any CPU.ActiveCfg = Release|Any CPU
	EndGlobalSection
	GlobalSection(SolutionProperties) = preSolution
		HideSolutionNode = FALSE
	EndGlobalSection
	GlobalSection(ExtensibilityGlobals) = postSolution
		SolutionGuid = {1270BFE4-0B33-42CF-93E5-955A11CB6015}
	EndGlobalSection
EndGlobal
